# THIS IS AN AUTOGENERATED FILE. DO NOT EDIT THIS FILE DIRECTLY.
# yarn lockfile v1
# bun ./bun.lockb --hash: 0000000000000000-0000000000000000-0000000000000000-0000000000000000


"@types/bun@latest":
  version "1.2.2"
  resolved "https://registry.npmjs.org/@types/bun/-/bun-1.2.2.tgz"
  integrity sha512-tr74gdku+AEDN5ergNiBnplr7hpDp3V1h7fqI2GcR/rsUaM39jpSeKH0TFibRvU0KwniRx5POgaYnaXbk0hU+w==
  dependencies:
    bun-types "1.2.2"

"@types/node@*":
  version "22.13.1"
  resolved "https://registry.npmjs.org/@types/node/-/node-22.13.1.tgz"
  integrity sha512-jK8uzQlrvXqEU91UxiK5J7pKHyzgnI1Qnl0QDHIgVGuolJhRb9EEl28Cj9b3rGR8B2lhFCtvIm5os8lFnO/1Ew==
  dependencies:
    undici-types "~6.20.0"

"@types/ws@~8.5.10":
  version "8.5.14"
  resolved "https://registry.npmjs.org/@types/ws/-/ws-8.5.14.tgz"
  integrity sha512-bd/YFLW+URhBzMXurx7lWByOu+xzU9+kb3RboOteXYDfW+tr+JZa99OyNmPINEGB/ahzKrEuc8rcv4gnpJmxTw==
  dependencies:
    "@types/node" "*"

bun-types@1.2.2:
  version "1.2.2"
  resolved "https://registry.npmjs.org/bun-types/-/bun-types-1.2.2.tgz"
  integrity sha512-RCbMH5elr9gjgDGDhkTTugA21XtJAy/9jkKe/G3WR2q17VPGhcquf9Sir6uay9iW+7P/BV0CAHA1XlHXMAVKHg==
  dependencies:
    "@types/node" "*"
    "@types/ws" "~8.5.10"

prettier@^3.5.1:
  version "3.5.1"
  resolved "https://registry.npmjs.org/prettier/-/prettier-3.5.1.tgz"
  integrity sha512-hPpFQvHwL3Qv5AdRvBFMhnKo4tYxp0ReXiPn2bxkiohEX6mBeBwEpBSQTkD458RaaDKQMYSp4hX4UtfUTA5wDw==

typescript@^5.0.0:
  version "5.7.3"
  resolved "https://registry.npmjs.org/typescript/-/typescript-5.7.3.tgz"
  integrity sha512-84MVSjMEHP+FQRPy3pX9sTVV/INIex71s9TL2Gm5FG/WG1SqXeKyZ0k7/blY/4FdOzI12CBy1vGc4og/eus0fw==

undici-types@~6.20.0:
  version "6.20.0"
  resolved "https://registry.npmjs.org/undici-types/-/undici-types-6.20.0.tgz"
  integrity sha512-Ny6QZ2Nju20vw1SRHe3d9jVu6gJ+4e3+MMpqu7pqE5HT6WsTSlce++GQmK5UXS8mzV8DSYHrQH+Xrf2jVcuKNg==
